
Microsoft Visual Studio Solution File, Format Version 12.00
# Visual Studio Version 16
VisualStudioVersion = 16.0.30503.244
MinimumVisualStudioVersion = 10.0.40219.1
Project("{FAE04EC0-301F-11D3-BF4B-00C04F79EFBC}") = "Amazon", "Amazon\Amazon.csproj", "{E7457A35-9CB3-47E8-BB29-859B48503E60}"
EndProject
Global
	GlobalSection(SolutionConfigurationPlatforms) = preSolution
		Debug|Any CPU = Debug|Any CPU
		Release|Any CPU = Release|Any CPU
	EndGlobalSection
	GlobalSection(ProjectConfigurationPlatforms) = postSolution
		{E7457A35-9CB3-47E8-BB29-859B48503E60}.Debug|Any CPU.ActiveCfg = Debug|Any CPU
		{E7457A35-9CB3-47E8-BB29-859B48503E60}.Debug|Any CPU.Build.0 = Debug|Any CPU
		{E7457A35-9CB3-47E8-BB29-859B48503E60}.Release|Any CPU.ActiveCfg = Release|Any CPU
		{E7457A35-9CB3-47E8-BB29-859B48503E60}.Release|Any CPU.Build.0 = Release|Any CPU
	EndGlobalSection
	GlobalSection(SolutionProperties) = preSolution
		HideSolutionNode = FALSE
	EndGlobalSection
	GlobalSection(ExtensibilityGlobals) = postSolution
		SolutionGuid = {04F97DF1-FF4A-4CCC-8232-1EDF1DB24806}
	EndGlobalSection
EndGlobal
